
Microsoft Visual Studio Solution File, Format Version 12.00
# Visual Studio Version 17
VisualStudioVersion = 17.3.32811.315
MinimumVisualStudioVersion = 10.0.40219.1
Project("{FAE04EC0-301F-11D3-BF4B-00C04F79EFBC}") = "fa22ModelPractice2", "fa22ModelPractice2\fa22ModelPractice2.csproj", "{919CE585-DA68-46C7-98CF-C2D26924430B}"
EndProject
Global
	GlobalSection(SolutionConfigurationPlatforms) = preSolution
		Debug|Any CPU = Debug|Any CPU
		Release|Any CPU = Release|Any CPU
	EndGlobalSection
	GlobalSection(ProjectConfigurationPlatforms) = postSolution
		{919CE585-DA68-46C7-98CF-C2D26924430B}.Debug|Any CPU.ActiveCfg = Debug|Any CPU
		{919CE585-DA68-46C7-98CF-C2D26924430B}.Debug|Any CPU.Build.0 = Debug|Any CPU
		{919CE585-DA68-46C7-98CF-C2D26924430B}.Release|Any CPU.ActiveCfg = Release|Any CPU
		{919CE585-DA68-46C7-98CF-C2D26924430B}.Release|Any CPU.Build.0 = Release|Any CPU
	EndGlobalSection
	GlobalSection(SolutionProperties) = preSolution
		HideSolutionNode = FALSE
	EndGlobalSection
	GlobalSection(ExtensibilityGlobals) = postSolution
		SolutionGuid = {9B475F66-8324-4598-8BF5-CCDD4DEA6EF2}
	EndGlobalSection
EndGlobal
